
Microsoft Visual Studio Solution File, Format Version 12.00
# Visual Studio Version 16
VisualStudioVersion = 16.0.28922.388
MinimumVisualStudioVersion = 10.0.40219.1
Project("{9A19103F-16F7-4668-BE54-9A1E7A4F7556}") = "CourierApp.WebApp", "WebApplication1\CourierApp.WebApp.csproj", "{4DFFBC99-7CF2-4D3F-BBC4-BBC75D733270}"
	ProjectSection(ProjectDependencies) = postProject
		{74026ACD-285D-4D1D-A54F-51E19DAD26A2} = {74026ACD-285D-4D1D-A54F-51E19DAD26A2}
	EndProjectSection
EndProject
Project("{9A19103F-16F7-4668-BE54-9A1E7A4F7556}") = "CourierApp.Data", "CourierApp.Data\CourierApp.Data.csproj", "{5E363000-1186-4E12-9DB2-342A61387112}"
EndProject
Project("{9A19103F-16F7-4668-BE54-9A1E7A4F7556}") = "CourierApp.Core", "CourierApp.Core\CourierApp.Core.csproj", "{74026ACD-285D-4D1D-A54F-51E19DAD26A2}"
EndProject
Project("{FAE04EC0-301F-11D3-BF4B-00C04F79EFBC}") = "CourierApp.MailService", "CourierApp.MailService\CourierApp.MailService.csproj", "{65A415A4-EC96-4065-AAAC-16C3DB909E7B}"
EndProject
Global
	GlobalSection(SolutionConfigurationPlatforms) = preSolution
		Debug|Any CPU = Debug|Any CPU
		Release|Any CPU = Release|Any CPU
	EndGlobalSection
	GlobalSection(ProjectConfigurationPlatforms) = postSolution
		{4DFFBC99-7CF2-4D3F-BBC4-BBC75D733270}.Debug|Any CPU.ActiveCfg = Debug|Any CPU
		{4DFFBC99-7CF2-4D3F-BBC4-BBC75D733270}.Debug|Any CPU.Build.0 = Debug|Any CPU
		{4DFFBC99-7CF2-4D3F-BBC4-BBC75D733270}.Release|Any CPU.ActiveCfg = Release|Any CPU
		{4DFFBC99-7CF2-4D3F-BBC4-BBC75D733270}.Release|Any CPU.Build.0 = Release|Any CPU
		{5E363000-1186-4E12-9DB2-342A61387112}.Debug|Any CPU.ActiveCfg = Debug|Any CPU
		{5E363000-1186-4E12-9DB2-342A61387112}.Debug|Any CPU.Build.0 = Debug|Any CPU
		{5E363000-1186-4E12-9DB2-342A61387112}.Release|Any CPU.ActiveCfg = Release|Any CPU
		{5E363000-1186-4E12-9DB2-342A61387112}.Release|Any CPU.Build.0 = Release|Any CPU
		{74026ACD-285D-4D1D-A54F-51E19DAD26A2}.Debug|Any CPU.ActiveCfg = Debug|Any CPU
		{74026ACD-285D-4D1D-A54F-51E19DAD26A2}.Debug|Any CPU.Build.0 = Debug|Any CPU
		{74026ACD-285D-4D1D-A54F-51E19DAD26A2}.Release|Any CPU.ActiveCfg = Release|Any CPU
		{74026ACD-285D-4D1D-A54F-51E19DAD26A2}.Release|Any CPU.Build.0 = Release|Any CPU
		{65A415A4-EC96-4065-AAAC-16C3DB909E7B}.Debug|Any CPU.ActiveCfg = Debug|Any CPU
		{65A415A4-EC96-4065-AAAC-16C3DB909E7B}.Debug|Any CPU.Build.0 = Debug|Any CPU
		{65A415A4-EC96-4065-AAAC-16C3DB909E7B}.Release|Any CPU.ActiveCfg = Release|Any CPU
		{65A415A4-EC96-4065-AAAC-16C3DB909E7B}.Release|Any CPU.Build.0 = Release|Any CPU
	EndGlobalSection
	GlobalSection(SolutionProperties) = preSolution
		HideSolutionNode = FALSE
	EndGlobalSection
	GlobalSection(ExtensibilityGlobals) = postSolution
		SolutionGuid = {C6252E61-0EF8-4937-ABB1-7E0A878AF20A}
	EndGlobalSection
EndGlobal
